
Microsoft Visual Studio Solution File, Format Version 12.00
# Visual Studio 15
VisualStudioVersion = 15.0.27130.2010
MinimumVisualStudioVersion = 10.0.40219.1
Project("{FAE04EC0-301F-11D3-BF4B-00C04F79EFBC}") = "ParcialSimpleTest", "ParcialSimpleTest\ParcialSimpleTest.csproj", "{07CDB441-AC27-4130-A38E-F7759E3FA15A}"
EndProject
Project("{FAE04EC0-301F-11D3-BF4B-00C04F79EFBC}") = "VistaCalculadoraWindowForms", "VistaCalculadoraWindowForms\VistaCalculadoraWindowForms.csproj", "{0B66D8FE-0084-4007-B0BD-9222364FD936}"
EndProject
Project("{FAE04EC0-301F-11D3-BF4B-00C04F79EFBC}") = "CalculadoraBasica", "CalculadoraBasica\CalculadoraBasica.csproj", "{7245CF7F-157B-4BA6-A26F-441F5A7200D6}"
EndProject
Global
	GlobalSection(SolutionConfigurationPlatforms) = preSolution
		Debug|Any CPU = Debug|Any CPU
		Release|Any CPU = Release|Any CPU
	EndGlobalSection
	GlobalSection(ProjectConfigurationPlatforms) = postSolution
		{07CDB441-AC27-4130-A38E-F7759E3FA15A}.Debug|Any CPU.ActiveCfg = Debug|Any CPU
		{07CDB441-AC27-4130-A38E-F7759E3FA15A}.Debug|Any CPU.Build.0 = Debug|Any CPU
		{07CDB441-AC27-4130-A38E-F7759E3FA15A}.Release|Any CPU.ActiveCfg = Release|Any CPU
		{07CDB441-AC27-4130-A38E-F7759E3FA15A}.Release|Any CPU.Build.0 = Release|Any CPU
		{0B66D8FE-0084-4007-B0BD-9222364FD936}.Debug|Any CPU.ActiveCfg = Debug|Any CPU
		{0B66D8FE-0084-4007-B0BD-9222364FD936}.Debug|Any CPU.Build.0 = Debug|Any CPU
		{0B66D8FE-0084-4007-B0BD-9222364FD936}.Release|Any CPU.ActiveCfg = Release|Any CPU
		{0B66D8FE-0084-4007-B0BD-9222364FD936}.Release|Any CPU.Build.0 = Release|Any CPU
		{7245CF7F-157B-4BA6-A26F-441F5A7200D6}.Debug|Any CPU.ActiveCfg = Debug|Any CPU
		{7245CF7F-157B-4BA6-A26F-441F5A7200D6}.Debug|Any CPU.Build.0 = Debug|Any CPU
		{7245CF7F-157B-4BA6-A26F-441F5A7200D6}.Release|Any CPU.ActiveCfg = Release|Any CPU
		{7245CF7F-157B-4BA6-A26F-441F5A7200D6}.Release|Any CPU.Build.0 = Release|Any CPU
	EndGlobalSection
	GlobalSection(SolutionProperties) = preSolution
		HideSolutionNode = FALSE
	EndGlobalSection
	GlobalSection(ExtensibilityGlobals) = postSolution
		SolutionGuid = {5961DF4C-BE9D-429C-88DB-D9CDC3A35A33}
	EndGlobalSection
EndGlobal
